{
  "name": "native-password-input",
  "version": "1.5.1",
  "lockfileVersion": 1,
  "requires": true,
  "dependencies": {
    "@mdi/js": {
      "version": "3.7.95",
      "resolved": "https://registry.npmjs.org/@mdi/js/-/js-3.7.95.tgz",
      "integrity": "sha512-R0Xt8JCOxPurdAv1nCLg3mazRKT1W8uyNVCJHF6JjbfgZyTm/Ct+G/4Vu+NhdXfpr/me/1kZkyDNq3Lh/vKgkg=="
    },
    "@mdi/svg": {
      "version": "3.7.95",
      "resolved": "https://registry.npmjs.org/@mdi/svg/-/svg-3.7.95.tgz",
      "integrity": "sha512-5ZStRxq4PFATwurnjN1CgCGCfP8nwJfHuqUozTMaF/qKC7rlSBS0Sm+VQQDmlJBO3JjiG+dQgd7ZdtanI/w/mw=="
    },
    "dispatcher-button": {
      "version": "0.0.1",
      "resolved": "https://registry.npmjs.org/dispatcher-button/-/dispatcher-button-0.0.1.tgz",
      "integrity": "sha512-tuI8XCjCbQnZR3wo5rVPjuWwdO5XX6SKGyX9tdxHxnsBiqkmyb4BtgAHz/6qLcWaMHAawqC8NIPlOocP76Yc8g=="
    },
    "mdi-component": {
      "version": "0.1.2",
      "resolved": "https://registry.npmjs.org/mdi-component/-/mdi-component-0.1.2.tgz",
      "integrity": "sha512-E+8/BH0uDVqNS7Cpx/UAuvCRtSEHIiyxZTT/8dp3zhlgg7uUDg70okVe03os1G/lgM1UeEcEeZFf61206HO4AA==",
      "requires": {
        "@mdi/svg": "^3.7.95"
      }
    }
  }
}
